
Microsoft Visual Studio Solution File, Format Version 11.00
# Visual Studio 2010
# SharpDevelop 5.1
Project("{FAE04EC0-301F-11D3-BF4B-00C04F79EFBC}") = "Tomato", "Tomato\Tomato.csproj", "{329CF23D-4476-4D11-9944-FC8F1DF20C2B}"
EndProject
Global
	GlobalSection(SolutionConfigurationPlatforms) = preSolution
		Debug|Any CPU = Debug|Any CPU
		Release|Any CPU = Release|Any CPU
	EndGlobalSection
	GlobalSection(ProjectConfigurationPlatforms) = postSolution
		{329CF23D-4476-4D11-9944-FC8F1DF20C2B}.Debug|Any CPU.ActiveCfg = Debug|Any CPU
		{329CF23D-4476-4D11-9944-FC8F1DF20C2B}.Debug|Any CPU.Build.0 = Debug|Any CPU
		{329CF23D-4476-4D11-9944-FC8F1DF20C2B}.Release|Any CPU.ActiveCfg = Release|Any CPU
		{329CF23D-4476-4D11-9944-FC8F1DF20C2B}.Release|Any CPU.Build.0 = Release|Any CPU
	EndGlobalSection
EndGlobal
